
Microsoft Visual Studio Solution File, Format Version 12.00
# Visual Studio 15
VisualStudioVersion = 15.0.27004.2006
MinimumVisualStudioVersion = 10.0.40219.1
Project("{8BC9CEB8-8B4A-11D0-8D11-00A0C91BC942}") = "Badcache Beta", "AYYWARE CSGO.vcxproj", "{8D83C36A-DC6F-4260-A46B-3691C9F1F7A0}"
EndProject
Global
	GlobalSection(SolutionConfigurationPlatforms) = preSolution
		Debug|Win32 = Debug|Win32
		Debug|x86 = Debug|x86
		Release|Win32 = Release|Win32
		Release|x86 = Release|x86
	EndGlobalSection
	GlobalSection(ProjectConfigurationPlatforms) = postSolution
		{8D83C36A-DC6F-4260-A46B-3691C9F1F7A0}.Debug|Win32.ActiveCfg = Debug|Win32
		{8D83C36A-DC6F-4260-A46B-3691C9F1F7A0}.Debug|Win32.Build.0 = Debug|Win32
		{8D83C36A-DC6F-4260-A46B-3691C9F1F7A0}.Debug|x86.ActiveCfg = Debug|Win32
		{8D83C36A-DC6F-4260-A46B-3691C9F1F7A0}.Debug|x86.Build.0 = Debug|Win32
		{8D83C36A-DC6F-4260-A46B-3691C9F1F7A0}.Release|Win32.ActiveCfg = Release|Win32
		{8D83C36A-DC6F-4260-A46B-3691C9F1F7A0}.Release|Win32.Build.0 = Release|Win32
		{8D83C36A-DC6F-4260-A46B-3691C9F1F7A0}.Release|x86.ActiveCfg = Release|Win32
		{8D83C36A-DC6F-4260-A46B-3691C9F1F7A0}.Release|x86.Build.0 = Release|Win32
	EndGlobalSection
	GlobalSection(SolutionProperties) = preSolution
		HideSolutionNode = FALSE
	EndGlobalSection
	GlobalSection(ExtensibilityGlobals) = postSolution
		SolutionGuid = {02624764-E78F-494D-8E1D-760E5438AF1E}
	EndGlobalSection
EndGlobal
